// !$*UTF8*$!
{
	archiveVersion = 1;
	classes = {
	};
	objectVersion = 46;
	objects = {

/* Begin PBXBuildFile section */
		E2717AA21BA97600006D152C /* main.m in Sources */ = {isa = PBXBuildFile; fileRef = E2717AA11BA97600006D152C /* main.m */; };
		E2717AA51BA97600006D152C /* AppDelegate.m in Sources */ = {isa = PBXBuildFile; fileRef = E2717AA41BA97600006D152C /* AppDelegate.m */; };
		E2717AA81BA97600006D152C /* ViewController.m in Sources */ = {isa = PBXBuildFile; fileRef = E2717AA71BA97600006D152C /* ViewController.m */; };
		E2717AAB1BA97600006D152C /* Main.storyboard in Resources */ = {isa = PBXBuildFile; fileRef = E2717AA91BA97600006D152C /* Main.storyboard */; };
		E2717AAD1BA97600006D152C /* Images.xcassets in Resources */ = {isa = PBXBuildFile; fileRef = E2717AAC1BA97600006D152C /* Images.xcassets */; };
		E2717AB01BA97600006D152C /* LaunchScreen.xib in Resources */ = {isa = PBXBuildFile; fileRef = E2717AAE1BA97600006D152C /* LaunchScreen.xib */; };
		E2717ABC1BA97600006D152C /* ScrollViewPracticeTests.m in Sources */ = {isa = PBXBuildFile; fileRef = E2717ABB1BA97600006D152C /* ScrollViewPracticeTests.m */; };
/* End PBXBuildFile section */

/* Begin PBXContainerItemProxy section */
		E2717AB61BA97600006D152C /* PBXContainerItemProxy */ = {
			isa = PBXContainerItemProxy;
			containerPortal = E2717A941BA97600006D152C /* Project object */;
			proxyType = 1;
			remoteGlobalIDString = E2717A9B1BA97600006D152C;
			remoteInfo = ScrollViewPractice;
		};
/* End PBXContainerItemProxy section */

/* Begin PBXFileReference section */
		E2717A9C1BA97600006D152C /* ScrollViewPractice.app */ = {isa = PBXFileReference; explicitFileType = wrapper.application; includeInIndex = 0; path = ScrollViewPractice.app; sourceTree = BUILT_PRODUCTS_DIR; };
		E2717AA01BA97600006D152C /* Info.plist */ = {isa = PBXFileReference; lastKnownFileType = text.plist.xml; path = Info.plist; sourceTree = "<group>"; };
		E2717AA11BA97600006D152C /* main.m */ = {isa = PBXFileReference; lastKnownFileType = sourcecode.c.objc; path = main.m; sourceTree = "<group>"; };
		E2717AA31BA97600006D152C /* AppDelegate.h */ = {isa = PBXFileReference; lastKnownFileType = sourcecode.c.h; path = AppDelegate.h; sourceTree = "<group>"; };
		E2717AA41BA97600006D152C /* AppDelegate.m */ = {isa = PBXFileReference; lastKnownFileType = sourcecode.c.objc; path = AppDelegate.m; sourceTree = "<group>"; };
		E2717AA61BA97600006D152C /* ViewController.h */ = {isa = PBXFileReference; lastKnownFileType = sourcecode.c.h; path = ViewController.h; sourceTree = "<group>"; };
		E2717AA71BA97600006D152C /* ViewController.m */ = {isa = PBXFileReference; lastKnownFileType = sourcecode.c.objc; path = ViewController.m; sourceTree = "<group>"; };
		E2717AAA1BA97600006D152C /* Base */ = {isa = PBXFileReference; lastKnownFileType = file.storyboard; name = Base; path = Base.lproj/Main.storyboard; sourceTree = "<group>"; };
		E2717AAC1BA97600006D152C /* Images.xcassets */ = {isa = PBXFileReference; lastKnownFileType = folder.assetcatalog; path = Images.xcassets; sourceTree = "<group>"; };
		E2717AAF1BA97600006D152C /* Base */ = {isa = PBXFileReference; lastKnownFileType = file.xib; name = Base; path = Base.lproj/LaunchScreen.xib; sourceTree = "<group>"; };
		E2717AB51BA97600006D152C /* ScrollViewPracticeTests.xctest */ = {isa = PBXFileReference; explicitFileType = wrapper.cfbundle; includeInIndex = 0; path = ScrollViewPracticeTests.xctest; sourceTree = BUILT_PRODUCTS_DIR; };
		E2717ABA1BA97600006D152C /* Info.plist */ = {isa = PBXFileReference; lastKnownFileType = text.plist.xml; path = Info.plist; sourceTree = "<group>"; };
		E2717ABB1BA97600006D152C /* ScrollViewPracticeTests.m */ = {isa = PBXFileReference; lastKnownFileType = sourcecode.c.objc; path = ScrollViewPracticeTests.m; sourceTree = "<group>"; };
/* End PBXFileReference section */

/* Begin PBXFrameworksBuildPhase section */
		E2717A991BA97600006D152C /* Frameworks */ = {
			isa = PBXFrameworksBuildPhase;
			buildActionMask = 2147483647;
			files = (
			);
			runOnlyForDeploymentPostprocessing = 0;
		};
		E2717AB21BA97600006D152C /* Frameworks */ = {
			isa = PBXFrameworksBuildPhase;
			buildActionMask = 2147483647;
			files = (
			);
			runOnlyForDeploymentPostprocessing = 0;
		};
/* End PBXFrameworksBuildPhase section */

/* Begin PBXGroup section */
		E2717A931BA97600006D152C = {
			isa = PBXGroup;
			children = (
				E2717A9E1BA97600006D152C /* ScrollViewPractice */,
				E2717AB81BA97600006D152C /* ScrollViewPracticeTests */,
				E2717A9D1BA97600006D152C /* Products */,
			);
			sourceTree = "<group>";
		};
		E2717A9D1BA97600006D152C /* Products */ = {
			isa = PBXGroup;
			children = (
				E2717A9C1BA97600006D152C /* ScrollViewPractice.app */,
				E2717AB51BA97600006D152C /* ScrollViewPracticeTests.xctest */,
			);
			name = Products;
			sourceTree = "<group>";
		};
		E2717A9E1BA97600006D152C /* ScrollViewPractice */ = {
			isa = PBXGroup;
			children = (
				E2717AA31BA97600006D152C /* AppDelegate.h */,
				E2717AA41BA97600006D152C /* AppDelegate.m */,
				E2717AA61BA97600006D152C /* ViewController.h */,
				E2717AA71BA97600006D152C /* ViewController.m */,
				E2717AA91BA97600006D152C /* Main.storyboard */,
				E2717AAC1BA97600006D152C /* Images.xcassets */,
				E2717AAE1BA97600006D152C /* LaunchScreen.xib */,
				E2717A9F1BA97600006D152C /* Supporting Files */,
			);
			path = ScrollViewPractice;
			sourceTree = "<group>";
		};
		E2717A9F1BA97600006D152C /* Supporting Files */ = {
			isa = PBXGroup;
			children = (
				E2717AA01BA97600006D152C /* Info.plist */,
				E2717AA11BA97600006D152C /* main.m */,
			);
			name = "Supporting Files";
			sourceTree = "<group>";
		};
		E2717AB81BA97600006D152C /* ScrollViewPracticeTests */ = {
			isa = PBXGroup;
			children = (
				E2717ABB1BA97600006D152C /* ScrollViewPracticeTests.m */,
				E2717AB91BA97600006D152C /* Supporting Files */,
			);
			path = ScrollViewPracticeTests;
			sourceTree = "<group>";
		};
		E2717AB91BA97600006D152C /* Supporting Files */ = {
			isa = PBXGroup;
			children = (
				E2717ABA1BA97600006D152C /* Info.plist */,
			);
			name = "Supporting Files";
			sourceTree = "<group>";
		};
/* End PBXGroup section */

/* Begin PBXNativeTarget section */
		E2717A9B1BA97600006D152C /* ScrollViewPractice */ = {
			isa = PBXNativeTarget;
			buildConfigurationList = E2717ABF1BA97600006D152C /* Build configuration list for PBXNativeTarget "ScrollViewPractice" */;
			buildPhases = (
				E2717A981BA97600006D152C /* Sources */,
				E2717A991BA97600006D152C /* Frameworks */,
				E2717A9A1BA97600006D152C /* Resources */,
			);
			buildRules = (
			);
			dependencies = (
			);
			name = ScrollViewPractice;
			productName = ScrollViewPractice;
			productReference = E2717A9C1BA97600006D152C /* ScrollViewPractice.app */;
			productType = "com.apple.product-type.application";
		};
		E2717AB41BA97600006D152C /* ScrollViewPracticeTests */ = {
			isa = PBXNativeTarget;
			buildConfigurationList = E2717AC21BA97600006D152C /* Build configuration list for PBXNativeTarget "ScrollViewPracticeTests" */;
			buildPhases = (
				E2717AB11BA97600006D152C /* Sources */,
				E2717AB21BA97600006D152C /* Frameworks */,
				E2717AB31BA97600006D152C /* Resources */,
			);
			buildRules = (
			);
			dependencies = (
				E2717AB71BA97600006D152C /* PBXTargetDependency */,
			);
			name = ScrollViewPracticeTests;
			productName = ScrollViewPracticeTests;
			productReference = E2717AB51BA97600006D152C /* ScrollViewPracticeTests.xctest */;
			productType = "com.apple.product-type.bundle.unit-test";
		};
/* End PBXNativeTarget section */

/* Begin PBXProject section */
		E2717A941BA97600006D152C /* Project object */ = {
			isa = PBXProject;
			attributes = {
				LastUpgradeCheck = 0640;
				ORGANIZATIONNAME = Toni;
				TargetAttributes = {
					E2717A9B1BA97600006D152C = {
						CreatedOnToolsVersion = 6.4;
					};
					E2717AB41BA97600006D152C = {
						CreatedOnToolsVersion = 6.4;
						TestTargetID = E2717A9B1BA97600006D152C;
					};
				};
			};
			buildConfigurationList = E2717A971BA97600006D152C /* Build configuration list for PBXProject "ScrollViewPractice" */;
			compatibilityVersion = "Xcode 3.2";
			developmentRegion = English;
			hasScannedForEncodings = 0;
			knownRegions = (
				en,
				Base,
			);
			mainGroup = E2717A931BA97600006D152C;
			productRefGroup = E2717A9D1BA97600006D152C /* Products */;
			projectDirPath = "";
			projectRoot = "";
			targets = (
				E2717A9B1BA97600006D152C /* ScrollViewPractice */,
				E2717AB41BA97600006D152C /* ScrollViewPracticeTests */,
			);
		};
/* End PBXProject section */

/* Begin PBXResourcesBuildPhase section */
		E2717A9A1BA97600006D152C /* Resources */ = {
			isa = PBXResourcesBuildPhase;
			buildActionMask = 2147483647;
			files = (
				E2717AAB1BA97600006D152C /* Main.storyboard in Resources */,
				E2717AB01BA97600006D152C /* LaunchScreen.xib in Resources */,
				E2717AAD1BA97600006D152C /* Images.xcassets in Resources */,
			);
			runOnlyForDeploymentPostprocessing = 0;
		};
		E2717AB31BA97600006D152C /* Resources */ = {
			isa = PBXResourcesBuildPhase;
			buildActionMask = 2147483647;
			files = (
			);
			runOnlyForDeploymentPostprocessing = 0;
		};
/* End PBXResourcesBuildPhase section */

/* Begin PBXSourcesBuildPhase section */
		E2717A981BA97600006D152C /* Sources */ = {
			isa = PBXSourcesBuildPhase;
			buildActionMask = 2147483647;
			files = (
				E2717AA81BA97600006D152C /* ViewController.m in Sources */,
				E2717AA51BA97600006D152C /* AppDelegate.m in Sources */,
				E2717AA21BA97600006D152C /* main.m in Sources */,
			);
			runOnlyForDeploymentPostprocessing = 0;
		};
		E2717AB11BA97600006D152C /* Sources */ = {
			isa = PBXSourcesBuildPhase;
			buildActionMask = 2147483647;
			files = (
				E2717ABC1BA97600006D152C /* ScrollViewPracticeTests.m in Sources */,
			);
			runOnlyForDeploymentPostprocessing = 0;
		};
/* End PBXSourcesBuildPhase section */

/* Begin PBXTargetDependency section */
		E2717AB71BA97600006D152C /* PBXTargetDependency */ = {
			isa = PBXTargetDependency;
			target = E2717A9B1BA97600006D152C /* ScrollViewPractice */;
			targetProxy = E2717AB61BA97600006D152C /* PBXContainerItemProxy */;
		};
/* End PBXTargetDependency section */

/* Begin PBXVariantGroup section */
		E2717AA91BA97600006D152C /* Main.storyboard */ = {
			isa = PBXVariantGroup;
			children = (
				E2717AAA1BA97600006D152C /* Base */,
			);
			name = Main.storyboard;
			sourceTree = "<group>";
		};
		E2717AAE1BA97600006D152C /* LaunchScreen.xib */ = {
			isa = PBXVariantGroup;
			children = (
				E2717AAF1BA97600006D152C /* Base */,
			);
			name = LaunchScreen.xib;
			sourceTree = "<group>";
		};
/* End PBXVariantGroup section */

/* Begin XCBuildConfiguration section */
		E2717ABD1BA97600006D152C /* Debug */ = {
			isa = XCBuildConfiguration;
			buildSettings = {
				ALWAYS_SEARCH_USER_PATHS = NO;
				CLANG_CXX_LANGUAGE_STANDARD = "gnu++0x";
				CLANG_CXX_LIBRARY = "libc++";
				CLANG_ENABLE_MODULES = YES;
				CLANG_ENABLE_OBJC_ARC = YES;
				CLANG_WARN_BOOL_CONVERSION = YES;
				CLANG_WARN_CONSTANT_CONVERSION = YES;
				CLANG_WARN_DIRECT_OBJC_ISA_USAGE = YES_ERROR;
				CLANG_WARN_EMPTY_BODY = YES;
				CLANG_WARN_ENUM_CONVERSION = YES;
				CLANG_WARN_INT_CONVERSION = YES;
				CLANG_WARN_OBJC_ROOT_CLASS = YES_ERROR;
				CLANG_WARN_UNREACHABLE_CODE = YES;
				CLANG_WARN__DUPLICATE_METHOD_MATCH = YES;
				"CODE_SIGN_IDENTITY[sdk=iphoneos*]" = "iPhone Developer";
				COPY_PHASE_STRIP = NO;
				DEBUG_INFORMATION_FORMAT = "dwarf-with-dsym";
				ENABLE_STRICT_OBJC_MSGSEND = YES;
				GCC_C_LANGUAGE_STANDARD = gnu99;
				GCC_DYNAMIC_NO_PIC = NO;
				GCC_NO_COMMON_BLOCKS = YES;
				GCC_OPTIMIZATION_LEVEL = 0;
				GCC_PREPROCESSOR_DEFINITIONS = (
					"DEBUG=1",
					"$(inherited)",
				);
				GCC_SYMBOLS_PRIVATE_EXTERN = NO;
				GCC_WARN_64_TO_32_BIT_CONVERSION = YES;
				GCC_WARN_ABOUT_RETURN_TYPE = YES_ERROR;
				GCC_WARN_UNDECLARED_SELECTOR = YES;
				GCC_WARN_UNINITIALIZED_AUTOS = YES_AGGRESSIVE;
				GCC_WARN_UNUSED_FUNCTION = YES;
				GCC_WARN_UNUSED_VARIABLE = YES;
				IPHONEOS_DEPLOYMENT_TARGET = 8.4;
				MTL_ENABLE_DEBUG_INFO = YES;
				ONLY_ACTIVE_ARCH = YES;
				SDKROOT = iphoneos;
			};
			name = Debug;
		};
		E2717ABE1BA97600006D152C /* Release */ = {
			isa = XCBuildConfiguration;
			buildSettings = {
				ALWAYS_SEARCH_USER_PATHS = NO;
				CLANG_CXX_LANGUAGE_STANDARD = "gnu++0x";
				CLANG_CXX_LIBRARY = "libc++";
				CLANG_ENABLE_MODULES = YES;
				CLANG_ENABLE_OBJC_ARC = YES;
				CLANG_WARN_BOOL_CONVERSION = YES;
				CLANG_WARN_CONSTANT_CONVERSION = YES;
				CLANG_WARN_DIRECT_OBJC_ISA_USAGE = YES_ERROR;
				CLANG_WARN_EMPTY_BODY = YES;
				CLANG_WARN_ENUM_CONVERSION = YES;
				CLANG_WARN_INT_CONVERSION = YES;
				CLANG_WARN_OBJC_ROOT_CLASS = YES_ERROR;
				CLANG_WARN_UNREACHABLE_CODE = YES;
				CLANG_WARN__DUPLICATE_METHOD_MATCH = YES;
				"CODE_SIGN_IDENTITY[sdk=iphoneos*]" = "iPhone Developer";
				COPY_PHASE_STRIP = NO;
				DEBUG_INFORMATION_FORMAT = "dwarf-with-dsym";
				ENABLE_NS_ASSERTIONS = NO;
				ENABLE_STRICT_OBJC_MSGSEND = YES;
				GCC_C_LANGUAGE_STANDARD = gnu99;
				GCC_NO_COMMON_BLOCKS = YES;
				GCC_WARN_64_TO_32_BIT_CONVERSION = YES;
				GCC_WARN_ABOUT_RETURN_TYPE = YES_ERROR;
				GCC_WARN_UNDECLARED_SELECTOR = YES;
				GCC_WARN_UNINITIALIZED_AUTOS = YES_AGGRESSIVE;
				GCC_WARN_UNUSED_FUNCTION = YES;
				GCC_WARN_UNUSED_VARIABLE = YES;
				IPHONEOS_DEPLOYMENT_TARGET = 8.4;
				MTL_ENABLE_DEBUG_INFO = NO;
				SDKROOT = iphoneos;
				VALIDATE_PRODUCT = YES;
			};
			name = Release;
		};
		E2717AC01BA97600006D152C /* Debug */ = {
			isa = XCBuildConfiguration;
			buildSettings = {
				ASSETCATALOG_COMPILER_APPICON_NAME = AppIcon;
				INFOPLIST_FILE = ScrollViewPractice/Info.plist;
				LD_RUNPATH_SEARCH_PATHS = "$(inherited) @executable_path/Frameworks";
				PRODUCT_NAME = "$(TARGET_NAME)";
			};
			name = Debug;
		};
		E2717AC11BA97600006D152C /* Release */ = {
			isa = XCBuildConfiguration;
			buildSettings = {
				ASSETCATALOG_COMPILER_APPICON_NAME = AppIcon;
				INFOPLIST_FILE = ScrollViewPractice/Info.plist;
				LD_RUNPATH_SEARCH_PATHS = "$(inherited) @executable_path/Frameworks";
				PRODUCT_NAME = "$(TARGET_NAME)";
			};
			name = Release;
		};
		E2717AC31BA97600006D152C /* Debug */ = {
			isa = XCBuildConfiguration;
			buildSettings = {
				BUNDLE_LOADER = "$(TEST_HOST)";
				FRAMEWORK_SEARCH_PATHS = (
					"$(SDKROOT)/Developer/Library/Frameworks",
					"$(inherited)",
				);
				GCC_PREPROCESSOR_DEFINITIONS = (
					"DEBUG=1",
					"$(inherited)",
				);
				INFOPLIST_FILE = ScrollViewPracticeTests/Info.plist;
				LD_RUNPATH_SEARCH_PATHS = "$(inherited) @executable_path/Frameworks @loader_path/Frameworks";
				PRODUCT_NAME = "$(TARGET_NAME)";
				TEST_HOST = "$(BUILT_PRODUCTS_DIR)/ScrollViewPractice.app/ScrollViewPractice";
			};
			name = Debug;
		};
		E2717AC41BA97600006D152C /* Release */ = {
			isa = XCBuildConfiguration;
			buildSettings = {
				BUNDLE_LOADER = "$(TEST_HOST)";
				FRAMEWORK_SEARCH_PATHS = (
					"$(SDKROOT)/Developer/Library/Frameworks",
					"$(inherited)",
				);
				INFOPLIST_FILE = ScrollViewPracticeTests/Info.plist;
				LD_RUNPATH_SEARCH_PATHS = "$(inherited) @executable_path/Frameworks @loader_path/Frameworks";
				PRODUCT_NAME = "$(TARGET_NAME)";
				TEST_HOST = "$(BUILT_PRODUCTS_DIR)/ScrollViewPractice.app/ScrollViewPractice";
			};
			name = Release;
		};
/* End XCBuildConfiguration section */

/* Begin XCConfigurationList section */
		E2717A971BA97600006D152C /* Build configuration list for PBXProject "ScrollViewPractice" */ = {
			isa = XCConfigurationList;
			buildConfigurations = (
				E2717ABD1BA97600006D152C /* Debug */,
				E2717ABE1BA97600006D152C /* Release */,
			);
			defaultConfigurationIsVisible = 0;
			defaultConfigurationName = Release;
		};
		E2717ABF1BA97600006D152C /* Build configuration list for PBXNativeTarget "ScrollViewPractice" */ = {
			isa = XCConfigurationList;
			buildConfigurations = (
				E2717AC01BA97600006D152C /* Debug */,
				E2717AC11BA97600006D152C /* Release */,
			);
			defaultConfigurationIsVisible = 0;
		};
		E2717AC21BA97600006D152C /* Build configuration list for PBXNativeTarget "ScrollViewPracticeTests" */ = {
			isa = XCConfigurationList;
			buildConfigurations = (
				E2717AC31BA97600006D152C /* Debug */,
				E2717AC41BA97600006D152C /* Release */,
			);
			defaultConfigurationIsVisible = 0;
		};
/* End XCConfigurationList section */
	};
	rootObject = E2717A941BA97600006D152C /* Project object */;
}
