// !$*UTF8*$!
{
	archiveVersion = 1;
	classes = {
	};
	objectVersion = 46;
	objects = {

/* Begin PBXBuildFile section */
		E226F8581B9F1750007AE6AA /* main.m in Sources */ = {isa = PBXBuildFile; fileRef = E226F8571B9F1750007AE6AA /* main.m */; };
		E226F8601B9F176C007AE6AA /* IronhackPerson.m in Sources */ = {isa = PBXBuildFile; fileRef = E226F85F1B9F176C007AE6AA /* IronhackPerson.m */; };
		E226F8631B9F1B69007AE6AA /* IronhackShoutingPerson.m in Sources */ = {isa = PBXBuildFile; fileRef = E226F8621B9F1B69007AE6AA /* IronhackShoutingPerson.m */; };
/* End PBXBuildFile section */

/* Begin PBXCopyFilesBuildPhase section */
		E226F8521B9F1750007AE6AA /* CopyFiles */ = {
			isa = PBXCopyFilesBuildPhase;
			buildActionMask = 2147483647;
			dstPath = /usr/share/man/man1/;
			dstSubfolderSpec = 0;
			files = (
			);
			runOnlyForDeploymentPostprocessing = 1;
		};
/* End PBXCopyFilesBuildPhase section */

/* Begin PBXFileReference section */
		E226F8541B9F1750007AE6AA /* ObjectsMessagesExercise */ = {isa = PBXFileReference; explicitFileType = "compiled.mach-o.executable"; includeInIndex = 0; path = ObjectsMessagesExercise; sourceTree = BUILT_PRODUCTS_DIR; };
		E226F8571B9F1750007AE6AA /* main.m */ = {isa = PBXFileReference; lastKnownFileType = sourcecode.c.objc; path = main.m; sourceTree = "<group>"; };
		E226F85E1B9F176C007AE6AA /* IronhackPerson.h */ = {isa = PBXFileReference; fileEncoding = 4; lastKnownFileType = sourcecode.c.h; path = IronhackPerson.h; sourceTree = "<group>"; };
		E226F85F1B9F176C007AE6AA /* IronhackPerson.m */ = {isa = PBXFileReference; fileEncoding = 4; lastKnownFileType = sourcecode.c.objc; path = IronhackPerson.m; sourceTree = "<group>"; };
		E226F8611B9F1B69007AE6AA /* IronhackShoutingPerson.h */ = {isa = PBXFileReference; fileEncoding = 4; lastKnownFileType = sourcecode.c.h; path = IronhackShoutingPerson.h; sourceTree = "<group>"; };
		E226F8621B9F1B69007AE6AA /* IronhackShoutingPerson.m */ = {isa = PBXFileReference; fileEncoding = 4; lastKnownFileType = sourcecode.c.objc; path = IronhackShoutingPerson.m; sourceTree = "<group>"; };
/* End PBXFileReference section */

/* Begin PBXFrameworksBuildPhase section */
		E226F8511B9F1750007AE6AA /* Frameworks */ = {
			isa = PBXFrameworksBuildPhase;
			buildActionMask = 2147483647;
			files = (
			);
			runOnlyForDeploymentPostprocessing = 0;
		};
/* End PBXFrameworksBuildPhase section */

/* Begin PBXGroup section */
		E226F84B1B9F1750007AE6AA = {
			isa = PBXGroup;
			children = (
				E226F8561B9F1750007AE6AA /* ObjectsMessagesExercise */,
				E226F8551B9F1750007AE6AA /* Products */,
			);
			sourceTree = "<group>";
		};
		E226F8551B9F1750007AE6AA /* Products */ = {
			isa = PBXGroup;
			children = (
				E226F8541B9F1750007AE6AA /* ObjectsMessagesExercise */,
			);
			name = Products;
			sourceTree = "<group>";
		};
		E226F8561B9F1750007AE6AA /* ObjectsMessagesExercise */ = {
			isa = PBXGroup;
			children = (
				E226F8571B9F1750007AE6AA /* main.m */,
				E226F85E1B9F176C007AE6AA /* IronhackPerson.h */,
				E226F85F1B9F176C007AE6AA /* IronhackPerson.m */,
				E226F8611B9F1B69007AE6AA /* IronhackShoutingPerson.h */,
				E226F8621B9F1B69007AE6AA /* IronhackShoutingPerson.m */,
			);
			path = ObjectsMessagesExercise;
			sourceTree = "<group>";
		};
/* End PBXGroup section */

/* Begin PBXNativeTarget section */
		E226F8531B9F1750007AE6AA /* ObjectsMessagesExercise */ = {
			isa = PBXNativeTarget;
			buildConfigurationList = E226F85B1B9F1750007AE6AA /* Build configuration list for PBXNativeTarget "ObjectsMessagesExercise" */;
			buildPhases = (
				E226F8501B9F1750007AE6AA /* Sources */,
				E226F8511B9F1750007AE6AA /* Frameworks */,
				E226F8521B9F1750007AE6AA /* CopyFiles */,
			);
			buildRules = (
			);
			dependencies = (
			);
			name = ObjectsMessagesExercise;
			productName = ObjectsMessagesExercise;
			productReference = E226F8541B9F1750007AE6AA /* ObjectsMessagesExercise */;
			productType = "com.apple.product-type.tool";
		};
/* End PBXNativeTarget section */

/* Begin PBXProject section */
		E226F84C1B9F1750007AE6AA /* Project object */ = {
			isa = PBXProject;
			attributes = {
				LastUpgradeCheck = 0640;
				ORGANIZATIONNAME = Toni;
				TargetAttributes = {
					E226F8531B9F1750007AE6AA = {
						CreatedOnToolsVersion = 6.4;
					};
				};
			};
			buildConfigurationList = E226F84F1B9F1750007AE6AA /* Build configuration list for PBXProject "ObjectsMessagesExercise" */;
			compatibilityVersion = "Xcode 3.2";
			developmentRegion = English;
			hasScannedForEncodings = 0;
			knownRegions = (
				en,
			);
			mainGroup = E226F84B1B9F1750007AE6AA;
			productRefGroup = E226F8551B9F1750007AE6AA /* Products */;
			projectDirPath = "";
			projectRoot = "";
			targets = (
				E226F8531B9F1750007AE6AA /* ObjectsMessagesExercise */,
			);
		};
/* End PBXProject section */

/* Begin PBXSourcesBuildPhase section */
		E226F8501B9F1750007AE6AA /* Sources */ = {
			isa = PBXSourcesBuildPhase;
			buildActionMask = 2147483647;
			files = (
				E226F8581B9F1750007AE6AA /* main.m in Sources */,
				E226F8631B9F1B69007AE6AA /* IronhackShoutingPerson.m in Sources */,
				E226F8601B9F176C007AE6AA /* IronhackPerson.m in Sources */,
			);
			runOnlyForDeploymentPostprocessing = 0;
		};
/* End PBXSourcesBuildPhase section */

/* Begin XCBuildConfiguration section */
		E226F8591B9F1750007AE6AA /* Debug */ = {
			isa = XCBuildConfiguration;
			buildSettings = {
				ALWAYS_SEARCH_USER_PATHS = NO;
				CLANG_CXX_LANGUAGE_STANDARD = "gnu++0x";
				CLANG_CXX_LIBRARY = "libc++";
				CLANG_ENABLE_MODULES = YES;
				CLANG_ENABLE_OBJC_ARC = YES;
				CLANG_WARN_BOOL_CONVERSION = YES;
				CLANG_WARN_CONSTANT_CONVERSION = YES;
				CLANG_WARN_DIRECT_OBJC_ISA_USAGE = YES_ERROR;
				CLANG_WARN_EMPTY_BODY = YES;
				CLANG_WARN_ENUM_CONVERSION = YES;
				CLANG_WARN_INT_CONVERSION = YES;
				CLANG_WARN_OBJC_ROOT_CLASS = YES_ERROR;
				CLANG_WARN_UNREACHABLE_CODE = YES;
				CLANG_WARN__DUPLICATE_METHOD_MATCH = YES;
				COPY_PHASE_STRIP = NO;
				DEBUG_INFORMATION_FORMAT = dwarf;
				ENABLE_STRICT_OBJC_MSGSEND = YES;
				GCC_C_LANGUAGE_STANDARD = gnu99;
				GCC_DYNAMIC_NO_PIC = NO;
				GCC_NO_COMMON_BLOCKS = YES;
				GCC_OPTIMIZATION_LEVEL = 0;
				GCC_PREPROCESSOR_DEFINITIONS = (
					"DEBUG=1",
					"$(inherited)",
				);
				GCC_SYMBOLS_PRIVATE_EXTERN = NO;
				GCC_WARN_64_TO_32_BIT_CONVERSION = YES;
				GCC_WARN_ABOUT_RETURN_TYPE = YES_ERROR;
				GCC_WARN_UNDECLARED_SELECTOR = YES;
				GCC_WARN_UNINITIALIZED_AUTOS = YES_AGGRESSIVE;
				GCC_WARN_UNUSED_FUNCTION = YES;
				GCC_WARN_UNUSED_VARIABLE = YES;
				MACOSX_DEPLOYMENT_TARGET = 10.10;
				MTL_ENABLE_DEBUG_INFO = YES;
				ONLY_ACTIVE_ARCH = YES;
				SDKROOT = macosx;
			};
			name = Debug;
		};
		E226F85A1B9F1750007AE6AA /* Release */ = {
			isa = XCBuildConfiguration;
			buildSettings = {
				ALWAYS_SEARCH_USER_PATHS = NO;
				CLANG_CXX_LANGUAGE_STANDARD = "gnu++0x";
				CLANG_CXX_LIBRARY = "libc++";
				CLANG_ENABLE_MODULES = YES;
				CLANG_ENABLE_OBJC_ARC = YES;
				CLANG_WARN_BOOL_CONVERSION = YES;
				CLANG_WARN_CONSTANT_CONVERSION = YES;
				CLANG_WARN_DIRECT_OBJC_ISA_USAGE = YES_ERROR;
				CLANG_WARN_EMPTY_BODY = YES;
				CLANG_WARN_ENUM_CONVERSION = YES;
				CLANG_WARN_INT_CONVERSION = YES;
				CLANG_WARN_OBJC_ROOT_CLASS = YES_ERROR;
				CLANG_WARN_UNREACHABLE_CODE = YES;
				CLANG_WARN__DUPLICATE_METHOD_MATCH = YES;
				COPY_PHASE_STRIP = NO;
				DEBUG_INFORMATION_FORMAT = "dwarf-with-dsym";
				ENABLE_NS_ASSERTIONS = NO;
				ENABLE_STRICT_OBJC_MSGSEND = YES;
				GCC_C_LANGUAGE_STANDARD = gnu99;
				GCC_NO_COMMON_BLOCKS = YES;
				GCC_WARN_64_TO_32_BIT_CONVERSION = YES;
				GCC_WARN_ABOUT_RETURN_TYPE = YES_ERROR;
				GCC_WARN_UNDECLARED_SELECTOR = YES;
				GCC_WARN_UNINITIALIZED_AUTOS = YES_AGGRESSIVE;
				GCC_WARN_UNUSED_FUNCTION = YES;
				GCC_WARN_UNUSED_VARIABLE = YES;
				MACOSX_DEPLOYMENT_TARGET = 10.10;
				MTL_ENABLE_DEBUG_INFO = NO;
				SDKROOT = macosx;
			};
			name = Release;
		};
		E226F85C1B9F1750007AE6AA /* Debug */ = {
			isa = XCBuildConfiguration;
			buildSettings = {
				PRODUCT_NAME = "$(TARGET_NAME)";
			};
			name = Debug;
		};
		E226F85D1B9F1750007AE6AA /* Release */ = {
			isa = XCBuildConfiguration;
			buildSettings = {
				PRODUCT_NAME = "$(TARGET_NAME)";
			};
			name = Release;
		};
/* End XCBuildConfiguration section */

/* Begin XCConfigurationList section */
		E226F84F1B9F1750007AE6AA /* Build configuration list for PBXProject "ObjectsMessagesExercise" */ = {
			isa = XCConfigurationList;
			buildConfigurations = (
				E226F8591B9F1750007AE6AA /* Debug */,
				E226F85A1B9F1750007AE6AA /* Release */,
			);
			defaultConfigurationIsVisible = 0;
			defaultConfigurationName = Release;
		};
		E226F85B1B9F1750007AE6AA /* Build configuration list for PBXNativeTarget "ObjectsMessagesExercise" */ = {
			isa = XCConfigurationList;
			buildConfigurations = (
				E226F85C1B9F1750007AE6AA /* Debug */,
				E226F85D1B9F1750007AE6AA /* Release */,
			);
			defaultConfigurationIsVisible = 0;
		};
/* End XCConfigurationList section */
	};
	rootObject = E226F84C1B9F1750007AE6AA /* Project object */;
}
