// !$*UTF8*$!
{
	archiveVersion = 1;
	classes = {
	};
	objectVersion = 46;
	objects = {

/* Begin PBXBuildFile section */
		E20E93581BB1A1E80043EC48 /* CodeViewController.m in Sources */ = {isa = PBXBuildFile; fileRef = E20E93571BB1A1E80043EC48 /* CodeViewController.m */; settings = {ASSET_TAGS = (); }; };
		E2CB8D511BB13E70004D2604 /* main.m in Sources */ = {isa = PBXBuildFile; fileRef = E2CB8D501BB13E70004D2604 /* main.m */; };
		E2CB8D541BB13E70004D2604 /* AppDelegate.m in Sources */ = {isa = PBXBuildFile; fileRef = E2CB8D531BB13E70004D2604 /* AppDelegate.m */; };
		E2CB8D571BB13E70004D2604 /* ViewController.m in Sources */ = {isa = PBXBuildFile; fileRef = E2CB8D561BB13E70004D2604 /* ViewController.m */; };
		E2CB8D5A1BB13E70004D2604 /* Main.storyboard in Resources */ = {isa = PBXBuildFile; fileRef = E2CB8D581BB13E70004D2604 /* Main.storyboard */; };
		E2CB8D5C1BB13E70004D2604 /* Assets.xcassets in Resources */ = {isa = PBXBuildFile; fileRef = E2CB8D5B1BB13E70004D2604 /* Assets.xcassets */; };
		E2CB8D5F1BB13E70004D2604 /* LaunchScreen.storyboard in Resources */ = {isa = PBXBuildFile; fileRef = E2CB8D5D1BB13E70004D2604 /* LaunchScreen.storyboard */; };
		E2CB8D6A1BB13E70004D2604 /* Autolayout_PracticeTests.m in Sources */ = {isa = PBXBuildFile; fileRef = E2CB8D691BB13E70004D2604 /* Autolayout_PracticeTests.m */; };
		E2CB8D751BB13E70004D2604 /* Autolayout_PracticeUITests.m in Sources */ = {isa = PBXBuildFile; fileRef = E2CB8D741BB13E70004D2604 /* Autolayout_PracticeUITests.m */; };
/* End PBXBuildFile section */

/* Begin PBXContainerItemProxy section */
		E2CB8D661BB13E70004D2604 /* PBXContainerItemProxy */ = {
			isa = PBXContainerItemProxy;
			containerPortal = E2CB8D441BB13E70004D2604 /* Project object */;
			proxyType = 1;
			remoteGlobalIDString = E2CB8D4B1BB13E70004D2604;
			remoteInfo = "Autolayout Practice";
		};
		E2CB8D711BB13E70004D2604 /* PBXContainerItemProxy */ = {
			isa = PBXContainerItemProxy;
			containerPortal = E2CB8D441BB13E70004D2604 /* Project object */;
			proxyType = 1;
			remoteGlobalIDString = E2CB8D4B1BB13E70004D2604;
			remoteInfo = "Autolayout Practice";
		};
/* End PBXContainerItemProxy section */

/* Begin PBXFileReference section */
		E20E93561BB1A1E80043EC48 /* CodeViewController.h */ = {isa = PBXFileReference; fileEncoding = 4; lastKnownFileType = sourcecode.c.h; path = CodeViewController.h; sourceTree = "<group>"; };
		E20E93571BB1A1E80043EC48 /* CodeViewController.m */ = {isa = PBXFileReference; fileEncoding = 4; lastKnownFileType = sourcecode.c.objc; path = CodeViewController.m; sourceTree = "<group>"; };
		E2CB8D4C1BB13E70004D2604 /* Autolayout Practice.app */ = {isa = PBXFileReference; explicitFileType = wrapper.application; includeInIndex = 0; path = "Autolayout Practice.app"; sourceTree = BUILT_PRODUCTS_DIR; };
		E2CB8D501BB13E70004D2604 /* main.m */ = {isa = PBXFileReference; lastKnownFileType = sourcecode.c.objc; path = main.m; sourceTree = "<group>"; };
		E2CB8D521BB13E70004D2604 /* AppDelegate.h */ = {isa = PBXFileReference; lastKnownFileType = sourcecode.c.h; path = AppDelegate.h; sourceTree = "<group>"; };
		E2CB8D531BB13E70004D2604 /* AppDelegate.m */ = {isa = PBXFileReference; lastKnownFileType = sourcecode.c.objc; path = AppDelegate.m; sourceTree = "<group>"; };
		E2CB8D551BB13E70004D2604 /* ViewController.h */ = {isa = PBXFileReference; lastKnownFileType = sourcecode.c.h; path = ViewController.h; sourceTree = "<group>"; };
		E2CB8D561BB13E70004D2604 /* ViewController.m */ = {isa = PBXFileReference; lastKnownFileType = sourcecode.c.objc; path = ViewController.m; sourceTree = "<group>"; };
		E2CB8D591BB13E70004D2604 /* Base */ = {isa = PBXFileReference; lastKnownFileType = file.storyboard; name = Base; path = Base.lproj/Main.storyboard; sourceTree = "<group>"; };
		E2CB8D5B1BB13E70004D2604 /* Assets.xcassets */ = {isa = PBXFileReference; lastKnownFileType = folder.assetcatalog; path = Assets.xcassets; sourceTree = "<group>"; };
		E2CB8D5E1BB13E70004D2604 /* Base */ = {isa = PBXFileReference; lastKnownFileType = file.storyboard; name = Base; path = Base.lproj/LaunchScreen.storyboard; sourceTree = "<group>"; };
		E2CB8D601BB13E70004D2604 /* Info.plist */ = {isa = PBXFileReference; lastKnownFileType = text.plist.xml; path = Info.plist; sourceTree = "<group>"; };
		E2CB8D651BB13E70004D2604 /* Autolayout PracticeTests.xctest */ = {isa = PBXFileReference; explicitFileType = wrapper.cfbundle; includeInIndex = 0; path = "Autolayout PracticeTests.xctest"; sourceTree = BUILT_PRODUCTS_DIR; };
		E2CB8D691BB13E70004D2604 /* Autolayout_PracticeTests.m */ = {isa = PBXFileReference; lastKnownFileType = sourcecode.c.objc; path = Autolayout_PracticeTests.m; sourceTree = "<group>"; };
		E2CB8D6B1BB13E70004D2604 /* Info.plist */ = {isa = PBXFileReference; lastKnownFileType = text.plist.xml; path = Info.plist; sourceTree = "<group>"; };
		E2CB8D701BB13E70004D2604 /* Autolayout PracticeUITests.xctest */ = {isa = PBXFileReference; explicitFileType = wrapper.cfbundle; includeInIndex = 0; path = "Autolayout PracticeUITests.xctest"; sourceTree = BUILT_PRODUCTS_DIR; };
		E2CB8D741BB13E70004D2604 /* Autolayout_PracticeUITests.m */ = {isa = PBXFileReference; lastKnownFileType = sourcecode.c.objc; path = Autolayout_PracticeUITests.m; sourceTree = "<group>"; };
		E2CB8D761BB13E70004D2604 /* Info.plist */ = {isa = PBXFileReference; lastKnownFileType = text.plist.xml; path = Info.plist; sourceTree = "<group>"; };
/* End PBXFileReference section */

/* Begin PBXFrameworksBuildPhase section */
		E2CB8D491BB13E70004D2604 /* Frameworks */ = {
			isa = PBXFrameworksBuildPhase;
			buildActionMask = 2147483647;
			files = (
			);
			runOnlyForDeploymentPostprocessing = 0;
		};
		E2CB8D621BB13E70004D2604 /* Frameworks */ = {
			isa = PBXFrameworksBuildPhase;
			buildActionMask = 2147483647;
			files = (
			);
			runOnlyForDeploymentPostprocessing = 0;
		};
		E2CB8D6D1BB13E70004D2604 /* Frameworks */ = {
			isa = PBXFrameworksBuildPhase;
			buildActionMask = 2147483647;
			files = (
			);
			runOnlyForDeploymentPostprocessing = 0;
		};
/* End PBXFrameworksBuildPhase section */

/* Begin PBXGroup section */
		E2CB8D431BB13E70004D2604 = {
			isa = PBXGroup;
			children = (
				E2CB8D4E1BB13E70004D2604 /* Autolayout Practice */,
				E2CB8D681BB13E70004D2604 /* Autolayout PracticeTests */,
				E2CB8D731BB13E70004D2604 /* Autolayout PracticeUITests */,
				E2CB8D4D1BB13E70004D2604 /* Products */,
			);
			sourceTree = "<group>";
		};
		E2CB8D4D1BB13E70004D2604 /* Products */ = {
			isa = PBXGroup;
			children = (
				E2CB8D4C1BB13E70004D2604 /* Autolayout Practice.app */,
				E2CB8D651BB13E70004D2604 /* Autolayout PracticeTests.xctest */,
				E2CB8D701BB13E70004D2604 /* Autolayout PracticeUITests.xctest */,
			);
			name = Products;
			sourceTree = "<group>";
		};
		E2CB8D4E1BB13E70004D2604 /* Autolayout Practice */ = {
			isa = PBXGroup;
			children = (
				E2CB8D521BB13E70004D2604 /* AppDelegate.h */,
				E2CB8D531BB13E70004D2604 /* AppDelegate.m */,
				E2CB8D551BB13E70004D2604 /* ViewController.h */,
				E2CB8D561BB13E70004D2604 /* ViewController.m */,
				E2CB8D581BB13E70004D2604 /* Main.storyboard */,
				E2CB8D5B1BB13E70004D2604 /* Assets.xcassets */,
				E2CB8D5D1BB13E70004D2604 /* LaunchScreen.storyboard */,
				E2CB8D601BB13E70004D2604 /* Info.plist */,
				E2CB8D4F1BB13E70004D2604 /* Supporting Files */,
				E20E93561BB1A1E80043EC48 /* CodeViewController.h */,
				E20E93571BB1A1E80043EC48 /* CodeViewController.m */,
			);
			path = "Autolayout Practice";
			sourceTree = "<group>";
		};
		E2CB8D4F1BB13E70004D2604 /* Supporting Files */ = {
			isa = PBXGroup;
			children = (
				E2CB8D501BB13E70004D2604 /* main.m */,
			);
			name = "Supporting Files";
			sourceTree = "<group>";
		};
		E2CB8D681BB13E70004D2604 /* Autolayout PracticeTests */ = {
			isa = PBXGroup;
			children = (
				E2CB8D691BB13E70004D2604 /* Autolayout_PracticeTests.m */,
				E2CB8D6B1BB13E70004D2604 /* Info.plist */,
			);
			path = "Autolayout PracticeTests";
			sourceTree = "<group>";
		};
		E2CB8D731BB13E70004D2604 /* Autolayout PracticeUITests */ = {
			isa = PBXGroup;
			children = (
				E2CB8D741BB13E70004D2604 /* Autolayout_PracticeUITests.m */,
				E2CB8D761BB13E70004D2604 /* Info.plist */,
			);
			path = "Autolayout PracticeUITests";
			sourceTree = "<group>";
		};
/* End PBXGroup section */

/* Begin PBXNativeTarget section */
		E2CB8D4B1BB13E70004D2604 /* Autolayout Practice */ = {
			isa = PBXNativeTarget;
			buildConfigurationList = E2CB8D791BB13E70004D2604 /* Build configuration list for PBXNativeTarget "Autolayout Practice" */;
			buildPhases = (
				E2CB8D481BB13E70004D2604 /* Sources */,
				E2CB8D491BB13E70004D2604 /* Frameworks */,
				E2CB8D4A1BB13E70004D2604 /* Resources */,
			);
			buildRules = (
			);
			dependencies = (
			);
			name = "Autolayout Practice";
			productName = "Autolayout Practice";
			productReference = E2CB8D4C1BB13E70004D2604 /* Autolayout Practice.app */;
			productType = "com.apple.product-type.application";
		};
		E2CB8D641BB13E70004D2604 /* Autolayout PracticeTests */ = {
			isa = PBXNativeTarget;
			buildConfigurationList = E2CB8D7C1BB13E70004D2604 /* Build configuration list for PBXNativeTarget "Autolayout PracticeTests" */;
			buildPhases = (
				E2CB8D611BB13E70004D2604 /* Sources */,
				E2CB8D621BB13E70004D2604 /* Frameworks */,
				E2CB8D631BB13E70004D2604 /* Resources */,
			);
			buildRules = (
			);
			dependencies = (
				E2CB8D671BB13E70004D2604 /* PBXTargetDependency */,
			);
			name = "Autolayout PracticeTests";
			productName = "Autolayout PracticeTests";
			productReference = E2CB8D651BB13E70004D2604 /* Autolayout PracticeTests.xctest */;
			productType = "com.apple.product-type.bundle.unit-test";
		};
		E2CB8D6F1BB13E70004D2604 /* Autolayout PracticeUITests */ = {
			isa = PBXNativeTarget;
			buildConfigurationList = E2CB8D7F1BB13E70004D2604 /* Build configuration list for PBXNativeTarget "Autolayout PracticeUITests" */;
			buildPhases = (
				E2CB8D6C1BB13E70004D2604 /* Sources */,
				E2CB8D6D1BB13E70004D2604 /* Frameworks */,
				E2CB8D6E1BB13E70004D2604 /* Resources */,
			);
			buildRules = (
			);
			dependencies = (
				E2CB8D721BB13E70004D2604 /* PBXTargetDependency */,
			);
			name = "Autolayout PracticeUITests";
			productName = "Autolayout PracticeUITests";
			productReference = E2CB8D701BB13E70004D2604 /* Autolayout PracticeUITests.xctest */;
			productType = "com.apple.product-type.bundle.ui-testing";
		};
/* End PBXNativeTarget section */

/* Begin PBXProject section */
		E2CB8D441BB13E70004D2604 /* Project object */ = {
			isa = PBXProject;
			attributes = {
				LastUpgradeCheck = 0700;
				ORGANIZATIONNAME = Toni;
				TargetAttributes = {
					E2CB8D4B1BB13E70004D2604 = {
						CreatedOnToolsVersion = 7.0;
					};
					E2CB8D641BB13E70004D2604 = {
						CreatedOnToolsVersion = 7.0;
						TestTargetID = E2CB8D4B1BB13E70004D2604;
					};
					E2CB8D6F1BB13E70004D2604 = {
						CreatedOnToolsVersion = 7.0;
						TestTargetID = E2CB8D4B1BB13E70004D2604;
					};
				};
			};
			buildConfigurationList = E2CB8D471BB13E70004D2604 /* Build configuration list for PBXProject "Autolayout Practice" */;
			compatibilityVersion = "Xcode 3.2";
			developmentRegion = English;
			hasScannedForEncodings = 0;
			knownRegions = (
				en,
				Base,
			);
			mainGroup = E2CB8D431BB13E70004D2604;
			productRefGroup = E2CB8D4D1BB13E70004D2604 /* Products */;
			projectDirPath = "";
			projectRoot = "";
			targets = (
				E2CB8D4B1BB13E70004D2604 /* Autolayout Practice */,
				E2CB8D641BB13E70004D2604 /* Autolayout PracticeTests */,
				E2CB8D6F1BB13E70004D2604 /* Autolayout PracticeUITests */,
			);
		};
/* End PBXProject section */

/* Begin PBXResourcesBuildPhase section */
		E2CB8D4A1BB13E70004D2604 /* Resources */ = {
			isa = PBXResourcesBuildPhase;
			buildActionMask = 2147483647;
			files = (
				E2CB8D5F1BB13E70004D2604 /* LaunchScreen.storyboard in Resources */,
				E2CB8D5C1BB13E70004D2604 /* Assets.xcassets in Resources */,
				E2CB8D5A1BB13E70004D2604 /* Main.storyboard in Resources */,
			);
			runOnlyForDeploymentPostprocessing = 0;
		};
		E2CB8D631BB13E70004D2604 /* Resources */ = {
			isa = PBXResourcesBuildPhase;
			buildActionMask = 2147483647;
			files = (
			);
			runOnlyForDeploymentPostprocessing = 0;
		};
		E2CB8D6E1BB13E70004D2604 /* Resources */ = {
			isa = PBXResourcesBuildPhase;
			buildActionMask = 2147483647;
			files = (
			);
			runOnlyForDeploymentPostprocessing = 0;
		};
/* End PBXResourcesBuildPhase section */

/* Begin PBXSourcesBuildPhase section */
		E2CB8D481BB13E70004D2604 /* Sources */ = {
			isa = PBXSourcesBuildPhase;
			buildActionMask = 2147483647;
			files = (
				E2CB8D571BB13E70004D2604 /* ViewController.m in Sources */,
				E20E93581BB1A1E80043EC48 /* CodeViewController.m in Sources */,
				E2CB8D541BB13E70004D2604 /* AppDelegate.m in Sources */,
				E2CB8D511BB13E70004D2604 /* main.m in Sources */,
			);
			runOnlyForDeploymentPostprocessing = 0;
		};
		E2CB8D611BB13E70004D2604 /* Sources */ = {
			isa = PBXSourcesBuildPhase;
			buildActionMask = 2147483647;
			files = (
				E2CB8D6A1BB13E70004D2604 /* Autolayout_PracticeTests.m in Sources */,
			);
			runOnlyForDeploymentPostprocessing = 0;
		};
		E2CB8D6C1BB13E70004D2604 /* Sources */ = {
			isa = PBXSourcesBuildPhase;
			buildActionMask = 2147483647;
			files = (
				E2CB8D751BB13E70004D2604 /* Autolayout_PracticeUITests.m in Sources */,
			);
			runOnlyForDeploymentPostprocessing = 0;
		};
/* End PBXSourcesBuildPhase section */

/* Begin PBXTargetDependency section */
		E2CB8D671BB13E70004D2604 /* PBXTargetDependency */ = {
			isa = PBXTargetDependency;
			target = E2CB8D4B1BB13E70004D2604 /* Autolayout Practice */;
			targetProxy = E2CB8D661BB13E70004D2604 /* PBXContainerItemProxy */;
		};
		E2CB8D721BB13E70004D2604 /* PBXTargetDependency */ = {
			isa = PBXTargetDependency;
			target = E2CB8D4B1BB13E70004D2604 /* Autolayout Practice */;
			targetProxy = E2CB8D711BB13E70004D2604 /* PBXContainerItemProxy */;
		};
/* End PBXTargetDependency section */

/* Begin PBXVariantGroup section */
		E2CB8D581BB13E70004D2604 /* Main.storyboard */ = {
			isa = PBXVariantGroup;
			children = (
				E2CB8D591BB13E70004D2604 /* Base */,
			);
			name = Main.storyboard;
			sourceTree = "<group>";
		};
		E2CB8D5D1BB13E70004D2604 /* LaunchScreen.storyboard */ = {
			isa = PBXVariantGroup;
			children = (
				E2CB8D5E1BB13E70004D2604 /* Base */,
			);
			name = LaunchScreen.storyboard;
			sourceTree = "<group>";
		};
/* End PBXVariantGroup section */

/* Begin XCBuildConfiguration section */
		E2CB8D771BB13E70004D2604 /* Debug */ = {
			isa = XCBuildConfiguration;
			buildSettings = {
				ALWAYS_SEARCH_USER_PATHS = NO;
				CLANG_CXX_LANGUAGE_STANDARD = "gnu++0x";
				CLANG_CXX_LIBRARY = "libc++";
				CLANG_ENABLE_MODULES = YES;
				CLANG_ENABLE_OBJC_ARC = YES;
				CLANG_WARN_BOOL_CONVERSION = YES;
				CLANG_WARN_CONSTANT_CONVERSION = YES;
				CLANG_WARN_DIRECT_OBJC_ISA_USAGE = YES_ERROR;
				CLANG_WARN_EMPTY_BODY = YES;
				CLANG_WARN_ENUM_CONVERSION = YES;
				CLANG_WARN_INT_CONVERSION = YES;
				CLANG_WARN_OBJC_ROOT_CLASS = YES_ERROR;
				CLANG_WARN_UNREACHABLE_CODE = YES;
				CLANG_WARN__DUPLICATE_METHOD_MATCH = YES;
				"CODE_SIGN_IDENTITY[sdk=iphoneos*]" = "iPhone Developer";
				COPY_PHASE_STRIP = NO;
				DEBUG_INFORMATION_FORMAT = dwarf;
				ENABLE_STRICT_OBJC_MSGSEND = YES;
				ENABLE_TESTABILITY = YES;
				GCC_C_LANGUAGE_STANDARD = gnu99;
				GCC_DYNAMIC_NO_PIC = NO;
				GCC_NO_COMMON_BLOCKS = YES;
				GCC_OPTIMIZATION_LEVEL = 0;
				GCC_PREPROCESSOR_DEFINITIONS = (
					"DEBUG=1",
					"$(inherited)",
				);
				GCC_WARN_64_TO_32_BIT_CONVERSION = YES;
				GCC_WARN_ABOUT_RETURN_TYPE = YES_ERROR;
				GCC_WARN_UNDECLARED_SELECTOR = YES;
				GCC_WARN_UNINITIALIZED_AUTOS = YES_AGGRESSIVE;
				GCC_WARN_UNUSED_FUNCTION = YES;
				GCC_WARN_UNUSED_VARIABLE = YES;
				IPHONEOS_DEPLOYMENT_TARGET = 9.0;
				MTL_ENABLE_DEBUG_INFO = YES;
				ONLY_ACTIVE_ARCH = YES;
				SDKROOT = iphoneos;
			};
			name = Debug;
		};
		E2CB8D781BB13E70004D2604 /* Release */ = {
			isa = XCBuildConfiguration;
			buildSettings = {
				ALWAYS_SEARCH_USER_PATHS = NO;
				CLANG_CXX_LANGUAGE_STANDARD = "gnu++0x";
				CLANG_CXX_LIBRARY = "libc++";
				CLANG_ENABLE_MODULES = YES;
				CLANG_ENABLE_OBJC_ARC = YES;
				CLANG_WARN_BOOL_CONVERSION = YES;
				CLANG_WARN_CONSTANT_CONVERSION = YES;
				CLANG_WARN_DIRECT_OBJC_ISA_USAGE = YES_ERROR;
				CLANG_WARN_EMPTY_BODY = YES;
				CLANG_WARN_ENUM_CONVERSION = YES;
				CLANG_WARN_INT_CONVERSION = YES;
				CLANG_WARN_OBJC_ROOT_CLASS = YES_ERROR;
				CLANG_WARN_UNREACHABLE_CODE = YES;
				CLANG_WARN__DUPLICATE_METHOD_MATCH = YES;
				"CODE_SIGN_IDENTITY[sdk=iphoneos*]" = "iPhone Developer";
				COPY_PHASE_STRIP = NO;
				DEBUG_INFORMATION_FORMAT = "dwarf-with-dsym";
				ENABLE_NS_ASSERTIONS = NO;
				ENABLE_STRICT_OBJC_MSGSEND = YES;
				GCC_C_LANGUAGE_STANDARD = gnu99;
				GCC_NO_COMMON_BLOCKS = YES;
				GCC_WARN_64_TO_32_BIT_CONVERSION = YES;
				GCC_WARN_ABOUT_RETURN_TYPE = YES_ERROR;
				GCC_WARN_UNDECLARED_SELECTOR = YES;
				GCC_WARN_UNINITIALIZED_AUTOS = YES_AGGRESSIVE;
				GCC_WARN_UNUSED_FUNCTION = YES;
				GCC_WARN_UNUSED_VARIABLE = YES;
				IPHONEOS_DEPLOYMENT_TARGET = 9.0;
				MTL_ENABLE_DEBUG_INFO = NO;
				SDKROOT = iphoneos;
				VALIDATE_PRODUCT = YES;
			};
			name = Release;
		};
		E2CB8D7A1BB13E70004D2604 /* Debug */ = {
			isa = XCBuildConfiguration;
			buildSettings = {
				ASSETCATALOG_COMPILER_APPICON_NAME = AppIcon;
				INFOPLIST_FILE = "Autolayout Practice/Info.plist";
				LD_RUNPATH_SEARCH_PATHS = "$(inherited) @executable_path/Frameworks";
				PRODUCT_BUNDLE_IDENTIFIER = "com.ironhack.Autolayout-Practice";
				PRODUCT_NAME = "$(TARGET_NAME)";
			};
			name = Debug;
		};
		E2CB8D7B1BB13E70004D2604 /* Release */ = {
			isa = XCBuildConfiguration;
			buildSettings = {
				ASSETCATALOG_COMPILER_APPICON_NAME = AppIcon;
				INFOPLIST_FILE = "Autolayout Practice/Info.plist";
				LD_RUNPATH_SEARCH_PATHS = "$(inherited) @executable_path/Frameworks";
				PRODUCT_BUNDLE_IDENTIFIER = "com.ironhack.Autolayout-Practice";
				PRODUCT_NAME = "$(TARGET_NAME)";
			};
			name = Release;
		};
		E2CB8D7D1BB13E70004D2604 /* Debug */ = {
			isa = XCBuildConfiguration;
			buildSettings = {
				BUNDLE_LOADER = "$(TEST_HOST)";
				INFOPLIST_FILE = "Autolayout PracticeTests/Info.plist";
				LD_RUNPATH_SEARCH_PATHS = "$(inherited) @executable_path/Frameworks @loader_path/Frameworks";
				PRODUCT_BUNDLE_IDENTIFIER = "com.ironhack.Autolayout-PracticeTests";
				PRODUCT_NAME = "$(TARGET_NAME)";
				TEST_HOST = "$(BUILT_PRODUCTS_DIR)/Autolayout Practice.app/Autolayout Practice";
			};
			name = Debug;
		};
		E2CB8D7E1BB13E70004D2604 /* Release */ = {
			isa = XCBuildConfiguration;
			buildSettings = {
				BUNDLE_LOADER = "$(TEST_HOST)";
				INFOPLIST_FILE = "Autolayout PracticeTests/Info.plist";
				LD_RUNPATH_SEARCH_PATHS = "$(inherited) @executable_path/Frameworks @loader_path/Frameworks";
				PRODUCT_BUNDLE_IDENTIFIER = "com.ironhack.Autolayout-PracticeTests";
				PRODUCT_NAME = "$(TARGET_NAME)";
				TEST_HOST = "$(BUILT_PRODUCTS_DIR)/Autolayout Practice.app/Autolayout Practice";
			};
			name = Release;
		};
		E2CB8D801BB13E70004D2604 /* Debug */ = {
			isa = XCBuildConfiguration;
			buildSettings = {
				INFOPLIST_FILE = "Autolayout PracticeUITests/Info.plist";
				LD_RUNPATH_SEARCH_PATHS = "$(inherited) @executable_path/Frameworks @loader_path/Frameworks";
				PRODUCT_BUNDLE_IDENTIFIER = "com.ironhack.Autolayout-PracticeUITests";
				PRODUCT_NAME = "$(TARGET_NAME)";
				TEST_TARGET_NAME = "Autolayout Practice";
				USES_XCTRUNNER = YES;
			};
			name = Debug;
		};
		E2CB8D811BB13E70004D2604 /* Release */ = {
			isa = XCBuildConfiguration;
			buildSettings = {
				INFOPLIST_FILE = "Autolayout PracticeUITests/Info.plist";
				LD_RUNPATH_SEARCH_PATHS = "$(inherited) @executable_path/Frameworks @loader_path/Frameworks";
				PRODUCT_BUNDLE_IDENTIFIER = "com.ironhack.Autolayout-PracticeUITests";
				PRODUCT_NAME = "$(TARGET_NAME)";
				TEST_TARGET_NAME = "Autolayout Practice";
				USES_XCTRUNNER = YES;
			};
			name = Release;
		};
/* End XCBuildConfiguration section */

/* Begin XCConfigurationList section */
		E2CB8D471BB13E70004D2604 /* Build configuration list for PBXProject "Autolayout Practice" */ = {
			isa = XCConfigurationList;
			buildConfigurations = (
				E2CB8D771BB13E70004D2604 /* Debug */,
				E2CB8D781BB13E70004D2604 /* Release */,
			);
			defaultConfigurationIsVisible = 0;
			defaultConfigurationName = Release;
		};
		E2CB8D791BB13E70004D2604 /* Build configuration list for PBXNativeTarget "Autolayout Practice" */ = {
			isa = XCConfigurationList;
			buildConfigurations = (
				E2CB8D7A1BB13E70004D2604 /* Debug */,
				E2CB8D7B1BB13E70004D2604 /* Release */,
			);
			defaultConfigurationIsVisible = 0;
			defaultConfigurationName = Release;
		};
		E2CB8D7C1BB13E70004D2604 /* Build configuration list for PBXNativeTarget "Autolayout PracticeTests" */ = {
			isa = XCConfigurationList;
			buildConfigurations = (
				E2CB8D7D1BB13E70004D2604 /* Debug */,
				E2CB8D7E1BB13E70004D2604 /* Release */,
			);
			defaultConfigurationIsVisible = 0;
			defaultConfigurationName = Release;
		};
		E2CB8D7F1BB13E70004D2604 /* Build configuration list for PBXNativeTarget "Autolayout PracticeUITests" */ = {
			isa = XCConfigurationList;
			buildConfigurations = (
				E2CB8D801BB13E70004D2604 /* Debug */,
				E2CB8D811BB13E70004D2604 /* Release */,
			);
			defaultConfigurationIsVisible = 0;
			defaultConfigurationName = Release;
		};
/* End XCConfigurationList section */
	};
	rootObject = E2CB8D441BB13E70004D2604 /* Project object */;
}
